// !$*UTF8*$!
{
	archiveVersion = 1;
	classes = {
	};
	objectVersion = 50;
	objects = {

/* Begin PBXBuildFile section */
		2A3430AF2353A535007F53FE /* AppDelegate.swift in Sources */ = {isa = PBXBuildFile; fileRef = 2A3430AE2353A535007F53FE /* AppDelegate.swift */; };
		2A3430B12353A535007F53FE /* SceneDelegate.swift in Sources */ = {isa = PBXBuildFile; fileRef = 2A3430B02353A535007F53FE /* SceneDelegate.swift */; };
		2A3430B32353A535007F53FE /* ContentView.swift in Sources */ = {isa = PBXBuildFile; fileRef = 2A3430B22353A535007F53FE /* ContentView.swift */; };
		2A3430B52353A538007F53FE /* Assets.xcassets in Resources */ = {isa = PBXBuildFile; fileRef = 2A3430B42353A538007F53FE /* Assets.xcassets */; };
		2A3430B82353A538007F53FE /* Preview Assets.xcassets in Resources */ = {isa = PBXBuildFile; fileRef = 2A3430B72353A538007F53FE /* Preview Assets.xcassets */; };
		2A3430BB2353A538007F53FE /* LaunchScreen.storyboard in Resources */ = {isa = PBXBuildFile; fileRef = 2A3430B92353A538007F53FE /* LaunchScreen.storyboard */; };
		2A3430C62353A538007F53FE /* SwiftUIButtonTests.swift in Sources */ = {isa = PBXBuildFile; fileRef = 2A3430C52353A538007F53FE /* SwiftUIButtonTests.swift */; };
		2A3430D12353A538007F53FE /* SwiftUIButtonUITests.swift in Sources */ = {isa = PBXBuildFile; fileRef = 2A3430D02353A538007F53FE /* SwiftUIButtonUITests.swift */; };
/* End PBXBuildFile section */

/* Begin PBXContainerItemProxy section */
		2A3430C22353A538007F53FE /* PBXContainerItemProxy */ = {
			isa = PBXContainerItemProxy;
			containerPortal = 2A3430A32353A535007F53FE /* Project object */;
			proxyType = 1;
			remoteGlobalIDString = 2A3430AA2353A535007F53FE;
			remoteInfo = SwiftUIButton;
		};
		2A3430CD2353A538007F53FE /* PBXContainerItemProxy */ = {
			isa = PBXContainerItemProxy;
			containerPortal = 2A3430A32353A535007F53FE /* Project object */;
			proxyType = 1;
			remoteGlobalIDString = 2A3430AA2353A535007F53FE;
			remoteInfo = SwiftUIButton;
		};
/* End PBXContainerItemProxy section */

/* Begin PBXFileReference section */
		2A3430AB2353A535007F53FE /* SwiftUIButton.app */ = {isa = PBXFileReference; explicitFileType = wrapper.application; includeInIndex = 0; path = SwiftUIButton.app; sourceTree = BUILT_PRODUCTS_DIR; };
		2A3430AE2353A535007F53FE /* AppDelegate.swift */ = {isa = PBXFileReference; lastKnownFileType = sourcecode.swift; path = AppDelegate.swift; sourceTree = "<group>"; };
		2A3430B02353A535007F53FE /* SceneDelegate.swift */ = {isa = PBXFileReference; lastKnownFileType = sourcecode.swift; path = SceneDelegate.swift; sourceTree = "<group>"; };
		2A3430B22353A535007F53FE /* ContentView.swift */ = {isa = PBXFileReference; lastKnownFileType = sourcecode.swift; path = ContentView.swift; sourceTree = "<group>"; };
		2A3430B42353A538007F53FE /* Assets.xcassets */ = {isa = PBXFileReference; lastKnownFileType = folder.assetcatalog; path = Assets.xcassets; sourceTree = "<group>"; };
		2A3430B72353A538007F53FE /* Preview Assets.xcassets */ = {isa = PBXFileReference; lastKnownFileType = folder.assetcatalog; path = "Preview Assets.xcassets"; sourceTree = "<group>"; };
		2A3430BA2353A538007F53FE /* Base */ = {isa = PBXFileReference; lastKnownFileType = file.storyboard; name = Base; path = Base.lproj/LaunchScreen.storyboard; sourceTree = "<group>"; };
		2A3430BC2353A538007F53FE /* Info.plist */ = {isa = PBXFileReference; lastKnownFileType = text.plist.xml; path = Info.plist; sourceTree = "<group>"; };
		2A3430C12353A538007F53FE /* SwiftUIButtonTests.xctest */ = {isa = PBXFileReference; explicitFileType = wrapper.cfbundle; includeInIndex = 0; path = SwiftUIButtonTests.xctest; sourceTree = BUILT_PRODUCTS_DIR; };
		2A3430C52353A538007F53FE /* SwiftUIButtonTests.swift */ = {isa = PBXFileReference; lastKnownFileType = sourcecode.swift; path = SwiftUIButtonTests.swift; sourceTree = "<group>"; };
		2A3430C72353A538007F53FE /* Info.plist */ = {isa = PBXFileReference; lastKnownFileType = text.plist.xml; path = Info.plist; sourceTree = "<group>"; };
		2A3430CC2353A538007F53FE /* SwiftUIButtonUITests.xctest */ = {isa = PBXFileReference; explicitFileType = wrapper.cfbundle; includeInIndex = 0; path = SwiftUIButtonUITests.xctest; sourceTree = BUILT_PRODUCTS_DIR; };
		2A3430D02353A538007F53FE /* SwiftUIButtonUITests.swift */ = {isa = PBXFileReference; lastKnownFileType = sourcecode.swift; path = SwiftUIButtonUITests.swift; sourceTree = "<group>"; };
		2A3430D22353A538007F53FE /* Info.plist */ = {isa = PBXFileReference; lastKnownFileType = text.plist.xml; path = Info.plist; sourceTree = "<group>"; };
/* End PBXFileReference section */

/* Begin PBXFrameworksBuildPhase section */
		2A3430A82353A535007F53FE /* Frameworks */ = {
			isa = PBXFrameworksBuildPhase;
			buildActionMask = 2147483647;
			files = (
			);
			runOnlyForDeploymentPostprocessing = 0;
		};
		2A3430BE2353A538007F53FE /* Frameworks */ = {
			isa = PBXFrameworksBuildPhase;
			buildActionMask = 2147483647;
			files = (
			);
			runOnlyForDeploymentPostprocessing = 0;
		};
		2A3430C92353A538007F53FE /* Frameworks */ = {
			isa = PBXFrameworksBuildPhase;
			buildActionMask = 2147483647;
			files = (
			);
			runOnlyForDeploymentPostprocessing = 0;
		};
/* End PBXFrameworksBuildPhase section */

/* Begin PBXGroup section */
		2A3430A22353A535007F53FE = {
			isa = PBXGroup;
			children = (
				2A3430AD2353A535007F53FE /* SwiftUIButton */,
				2A3430C42353A538007F53FE /* SwiftUIButtonTests */,
				2A3430CF2353A538007F53FE /* SwiftUIButtonUITests */,
				2A3430AC2353A535007F53FE /* Products */,
			);
			sourceTree = "<group>";
		};
		2A3430AC2353A535007F53FE /* Products */ = {
			isa = PBXGroup;
			children = (
				2A3430AB2353A535007F53FE /* SwiftUIButton.app */,
				2A3430C12353A538007F53FE /* SwiftUIButtonTests.xctest */,
				2A3430CC2353A538007F53FE /* SwiftUIButtonUITests.xctest */,
			);
			name = Products;
			sourceTree = "<group>";
		};
		2A3430AD2353A535007F53FE /* SwiftUIButton */ = {
			isa = PBXGroup;
			children = (
				2A3430AE2353A535007F53FE /* AppDelegate.swift */,
				2A3430B02353A535007F53FE /* SceneDelegate.swift */,
				2A3430B22353A535007F53FE /* ContentView.swift */,
				2A3430B42353A538007F53FE /* Assets.xcassets */,
				2A3430B92353A538007F53FE /* LaunchScreen.storyboard */,
				2A3430BC2353A538007F53FE /* Info.plist */,
				2A3430B62353A538007F53FE /* Preview Content */,
			);
			path = SwiftUIButton;
			sourceTree = "<group>";
		};
		2A3430B62353A538007F53FE /* Preview Content */ = {
			isa = PBXGroup;
			children = (
				2A3430B72353A538007F53FE /* Preview Assets.xcassets */,
			);
			path = "Preview Content";
			sourceTree = "<group>";
		};
		2A3430C42353A538007F53FE /* SwiftUIButtonTests */ = {
			isa = PBXGroup;
			children = (
				2A3430C52353A538007F53FE /* SwiftUIButtonTests.swift */,
				2A3430C72353A538007F53FE /* Info.plist */,
			);
			path = SwiftUIButtonTests;
			sourceTree = "<group>";
		};
		2A3430CF2353A538007F53FE /* SwiftUIButtonUITests */ = {
			isa = PBXGroup;
			children = (
				2A3430D02353A538007F53FE /* SwiftUIButtonUITests.swift */,
				2A3430D22353A538007F53FE /* Info.plist */,
			);
			path = SwiftUIButtonUITests;
			sourceTree = "<group>";
		};
/* End PBXGroup section */

/* Begin PBXNativeTarget section */
		2A3430AA2353A535007F53FE /* SwiftUIButton */ = {
			isa = PBXNativeTarget;
			buildConfigurationList = 2A3430D52353A538007F53FE /* Build configuration list for PBXNativeTarget "SwiftUIButton" */;
			buildPhases = (
				2A3430A72353A535007F53FE /* Sources */,
				2A3430A82353A535007F53FE /* Frameworks */,
				2A3430A92353A535007F53FE /* Resources */,
			);
			buildRules = (
			);
			dependencies = (
			);
			name = SwiftUIButton;
			productName = SwiftUIButton;
			productReference = 2A3430AB2353A535007F53FE /* SwiftUIButton.app */;
			productType = "com.apple.product-type.application";
		};
		2A3430C02353A538007F53FE /* SwiftUIButtonTests */ = {
			isa = PBXNativeTarget;
			buildConfigurationList = 2A3430D82353A538007F53FE /* Build configuration list for PBXNativeTarget "SwiftUIButtonTests" */;
			buildPhases = (
				2A3430BD2353A538007F53FE /* Sources */,
				2A3430BE2353A538007F53FE /* Frameworks */,
				2A3430BF2353A538007F53FE /* Resources */,
			);
			buildRules = (
			);
			dependencies = (
				2A3430C32353A538007F53FE /* PBXTargetDependency */,
			);
			name = SwiftUIButtonTests;
			productName = SwiftUIButtonTests;
			productReference = 2A3430C12353A538007F53FE /* SwiftUIButtonTests.xctest */;
			productType = "com.apple.product-type.bundle.unit-test";
		};
		2A3430CB2353A538007F53FE /* SwiftUIButtonUITests */ = {
			isa = PBXNativeTarget;
			buildConfigurationList = 2A3430DB2353A538007F53FE /* Build configuration list for PBXNativeTarget "SwiftUIButtonUITests" */;
			buildPhases = (
				2A3430C82353A538007F53FE /* Sources */,
				2A3430C92353A538007F53FE /* Frameworks */,
				2A3430CA2353A538007F53FE /* Resources */,
			);
			buildRules = (
			);
			dependencies = (
				2A3430CE2353A538007F53FE /* PBXTargetDependency */,
			);
			name = SwiftUIButtonUITests;
			productName = SwiftUIButtonUITests;
			productReference = 2A3430CC2353A538007F53FE /* SwiftUIButtonUITests.xctest */;
			productType = "com.apple.product-type.bundle.ui-testing";
		};
/* End PBXNativeTarget section */

/* Begin PBXProject section */
		2A3430A32353A535007F53FE /* Project object */ = {
			isa = PBXProject;
			attributes = {
				LastSwiftUpdateCheck = 1110;
				LastUpgradeCheck = 1110;
				ORGANIZATIONNAME = "Md Khaled Hasan Manna";
				TargetAttributes = {
					2A3430AA2353A535007F53FE = {
						CreatedOnToolsVersion = 11.1;
					};
					2A3430C02353A538007F53FE = {
						CreatedOnToolsVersion = 11.1;
						TestTargetID = 2A3430AA2353A535007F53FE;
					};
					2A3430CB2353A538007F53FE = {
						CreatedOnToolsVersion = 11.1;
						TestTargetID = 2A3430AA2353A535007F53FE;
					};
				};
			};
			buildConfigurationList = 2A3430A62353A535007F53FE /* Build configuration list for PBXProject "SwiftUIButton" */;
			compatibilityVersion = "Xcode 9.3";
			developmentRegion = en;
			hasScannedForEncodings = 0;
			knownRegions = (
				en,
				Base,
			);
			mainGroup = 2A3430A22353A535007F53FE;
			productRefGroup = 2A3430AC2353A535007F53FE /* Products */;
			projectDirPath = "";
			projectRoot = "";
			targets = (
				2A3430AA2353A535007F53FE /* SwiftUIButton */,
				2A3430C02353A538007F53FE /* SwiftUIButtonTests */,
				2A3430CB2353A538007F53FE /* SwiftUIButtonUITests */,
			);
		};
/* End PBXProject section */

/* Begin PBXResourcesBuildPhase section */
		2A3430A92353A535007F53FE /* Resources */ = {
			isa = PBXResourcesBuildPhase;
			buildActionMask = 2147483647;
			files = (
				2A3430BB2353A538007F53FE /* LaunchScreen.storyboard in Resources */,
				2A3430B82353A538007F53FE /* Preview Assets.xcassets in Resources */,
				2A3430B52353A538007F53FE /* Assets.xcassets in Resources */,
			);
			runOnlyForDeploymentPostprocessing = 0;
		};
		2A3430BF2353A538007F53FE /* Resources */ = {
			isa = PBXResourcesBuildPhase;
			buildActionMask = 2147483647;
			files = (
			);
			runOnlyForDeploymentPostprocessing = 0;
		};
		2A3430CA2353A538007F53FE /* Resources */ = {
			isa = PBXResourcesBuildPhase;
			buildActionMask = 2147483647;
			files = (
			);
			runOnlyForDeploymentPostprocessing = 0;
		};
/* End PBXResourcesBuildPhase section */

/* Begin PBXSourcesBuildPhase section */
		2A3430A72353A535007F53FE /* Sources */ = {
			isa = PBXSourcesBuildPhase;
			buildActionMask = 2147483647;
			files = (
				2A3430AF2353A535007F53FE /* AppDelegate.swift in Sources */,
				2A3430B12353A535007F53FE /* SceneDelegate.swift in Sources */,
				2A3430B32353A535007F53FE /* ContentView.swift in Sources */,
			);
			runOnlyForDeploymentPostprocessing = 0;
		};
		2A3430BD2353A538007F53FE /* Sources */ = {
			isa = PBXSourcesBuildPhase;
			buildActionMask = 2147483647;
			files = (
				2A3430C62353A538007F53FE /* SwiftUIButtonTests.swift in Sources */,
			);
			runOnlyForDeploymentPostprocessing = 0;
		};
		2A3430C82353A538007F53FE /* Sources */ = {
			isa = PBXSourcesBuildPhase;
			buildActionMask = 2147483647;
			files = (
				2A3430D12353A538007F53FE /* SwiftUIButtonUITests.swift in Sources */,
			);
			runOnlyForDeploymentPostprocessing = 0;
		};
/* End PBXSourcesBuildPhase section */

/* Begin PBXTargetDependency section */
		2A3430C32353A538007F53FE /* PBXTargetDependency */ = {
			isa = PBXTargetDependency;
			target = 2A3430AA2353A535007F53FE /* SwiftUIButton */;
			targetProxy = 2A3430C22353A538007F53FE /* PBXContainerItemProxy */;
		};
		2A3430CE2353A538007F53FE /* PBXTargetDependency */ = {
			isa = PBXTargetDependency;
			target = 2A3430AA2353A535007F53FE /* SwiftUIButton */;
			targetProxy = 2A3430CD2353A538007F53FE /* PBXContainerItemProxy */;
		};
/* End PBXTargetDependency section */

/* Begin PBXVariantGroup section */
		2A3430B92353A538007F53FE /* LaunchScreen.storyboard */ = {
			isa = PBXVariantGroup;
			children = (
				2A3430BA2353A538007F53FE /* Base */,
			);
			name = LaunchScreen.storyboard;
			sourceTree = "<group>";
		};
/* End PBXVariantGroup section */

/* Begin XCBuildConfiguration section */
		2A3430D32353A538007F53FE /* Debug */ = {
			isa = XCBuildConfiguration;
			buildSettings = {
				ALWAYS_SEARCH_USER_PATHS = NO;
				CLANG_ANALYZER_NONNULL = YES;
				CLANG_ANALYZER_NUMBER_OBJECT_CONVERSION = YES_AGGRESSIVE;
				CLANG_CXX_LANGUAGE_STANDARD = "gnu++14";
				CLANG_CXX_LIBRARY = "libc++";
				CLANG_ENABLE_MODULES = YES;
				CLANG_ENABLE_OBJC_ARC = YES;
				CLANG_ENABLE_OBJC_WEAK = YES;
				CLANG_WARN_BLOCK_CAPTURE_AUTORELEASING = YES;
				CLANG_WARN_BOOL_CONVERSION = YES;
				CLANG_WARN_COMMA = YES;
				CLANG_WARN_CONSTANT_CONVERSION = YES;
				CLANG_WARN_DEPRECATED_OBJC_IMPLEMENTATIONS = YES;
				CLANG_WARN_DIRECT_OBJC_ISA_USAGE = YES_ERROR;
				CLANG_WARN_DOCUMENTATION_COMMENTS = YES;
				CLANG_WARN_EMPTY_BODY = YES;
				CLANG_WARN_ENUM_CONVERSION = YES;
				CLANG_WARN_INFINITE_RECURSION = YES;
				CLANG_WARN_INT_CONVERSION = YES;
				CLANG_WARN_NON_LITERAL_NULL_CONVERSION = YES;
				CLANG_WARN_OBJC_IMPLICIT_RETAIN_SELF = YES;
				CLANG_WARN_OBJC_LITERAL_CONVERSION = YES;
				CLANG_WARN_OBJC_ROOT_CLASS = YES_ERROR;
				CLANG_WARN_RANGE_LOOP_ANALYSIS = YES;
				CLANG_WARN_STRICT_PROTOTYPES = YES;
				CLANG_WARN_SUSPICIOUS_MOVE = YES;
				CLANG_WARN_UNGUARDED_AVAILABILITY = YES_AGGRESSIVE;
				CLANG_WARN_UNREACHABLE_CODE = YES;
				CLANG_WARN__DUPLICATE_METHOD_MATCH = YES;
				COPY_PHASE_STRIP = NO;
				DEBUG_INFORMATION_FORMAT = dwarf;
				ENABLE_STRICT_OBJC_MSGSEND = YES;
				ENABLE_TESTABILITY = YES;
				GCC_C_LANGUAGE_STANDARD = gnu11;
				GCC_DYNAMIC_NO_PIC = NO;
				GCC_NO_COMMON_BLOCKS = YES;
				GCC_OPTIMIZATION_LEVEL = 0;
				GCC_PREPROCESSOR_DEFINITIONS = (
					"DEBUG=1",
					"$(inherited)",
				);
				GCC_WARN_64_TO_32_BIT_CONVERSION = YES;
				GCC_WARN_ABOUT_RETURN_TYPE = YES_ERROR;
				GCC_WARN_UNDECLARED_SELECTOR = YES;
				GCC_WARN_UNINITIALIZED_AUTOS = YES_AGGRESSIVE;
				GCC_WARN_UNUSED_FUNCTION = YES;
				GCC_WARN_UNUSED_VARIABLE = YES;
				IPHONEOS_DEPLOYMENT_TARGET = 13.1;
				MTL_ENABLE_DEBUG_INFO = INCLUDE_SOURCE;
				MTL_FAST_MATH = YES;
				ONLY_ACTIVE_ARCH = YES;
				SDKROOT = iphoneos;
				SWIFT_ACTIVE_COMPILATION_CONDITIONS = DEBUG;
				SWIFT_OPTIMIZATION_LEVEL = "-Onone";
			};
			name = Debug;
		};
		2A3430D42353A538007F53FE /* Release */ = {
			isa = XCBuildConfiguration;
			buildSettings = {
				ALWAYS_SEARCH_USER_PATHS = NO;
				CLANG_ANALYZER_NONNULL = YES;
				CLANG_ANALYZER_NUMBER_OBJECT_CONVERSION = YES_AGGRESSIVE;
				CLANG_CXX_LANGUAGE_STANDARD = "gnu++14";
				CLANG_CXX_LIBRARY = "libc++";
				CLANG_ENABLE_MODULES = YES;
				CLANG_ENABLE_OBJC_ARC = YES;
				CLANG_ENABLE_OBJC_WEAK = YES;
				CLANG_WARN_BLOCK_CAPTURE_AUTORELEASING = YES;
				CLANG_WARN_BOOL_CONVERSION = YES;
				CLANG_WARN_COMMA = YES;
				CLANG_WARN_CONSTANT_CONVERSION = YES;
				CLANG_WARN_DEPRECATED_OBJC_IMPLEMENTATIONS = YES;
				CLANG_WARN_DIRECT_OBJC_ISA_USAGE = YES_ERROR;
				CLANG_WARN_DOCUMENTATION_COMMENTS = YES;
				CLANG_WARN_EMPTY_BODY = YES;
				CLANG_WARN_ENUM_CONVERSION = YES;
				CLANG_WARN_INFINITE_RECURSION = YES;
				CLANG_WARN_INT_CONVERSION = YES;
				CLANG_WARN_NON_LITERAL_NULL_CONVERSION = YES;
				CLANG_WARN_OBJC_IMPLICIT_RETAIN_SELF = YES;
				CLANG_WARN_OBJC_LITERAL_CONVERSION = YES;
				CLANG_WARN_OBJC_ROOT_CLASS = YES_ERROR;
				CLANG_WARN_RANGE_LOOP_ANALYSIS = YES;
				CLANG_WARN_STRICT_PROTOTYPES = YES;
				CLANG_WARN_SUSPICIOUS_MOVE = YES;
				CLANG_WARN_UNGUARDED_AVAILABILITY = YES_AGGRESSIVE;
				CLANG_WARN_UNREACHABLE_CODE = YES;
				CLANG_WARN__DUPLICATE_METHOD_MATCH = YES;
				COPY_PHASE_STRIP = NO;
				DEBUG_INFORMATION_FORMAT = "dwarf-with-dsym";
				ENABLE_NS_ASSERTIONS = NO;
				ENABLE_STRICT_OBJC_MSGSEND = YES;
				GCC_C_LANGUAGE_STANDARD = gnu11;
				GCC_NO_COMMON_BLOCKS = YES;
				GCC_WARN_64_TO_32_BIT_CONVERSION = YES;
				GCC_WARN_ABOUT_RETURN_TYPE = YES_ERROR;
				GCC_WARN_UNDECLARED_SELECTOR = YES;
				GCC_WARN_UNINITIALIZED_AUTOS = YES_AGGRESSIVE;
				GCC_WARN_UNUSED_FUNCTION = YES;
				GCC_WARN_UNUSED_VARIABLE = YES;
				IPHONEOS_DEPLOYMENT_TARGET = 13.1;
				MTL_ENABLE_DEBUG_INFO = NO;
				MTL_FAST_MATH = YES;
				SDKROOT = iphoneos;
				SWIFT_COMPILATION_MODE = wholemodule;
				SWIFT_OPTIMIZATION_LEVEL = "-O";
				VALIDATE_PRODUCT = YES;
			};
			name = Release;
		};
		2A3430D62353A538007F53FE /* Debug */ = {
			isa = XCBuildConfiguration;
			buildSettings = {
				ASSETCATALOG_COMPILER_APPICON_NAME = AppIcon;
				CODE_SIGN_STYLE = Automatic;
				DEVELOPMENT_ASSET_PATHS = "\"SwiftUIButton/Preview Content\"";
				ENABLE_PREVIEWS = YES;
				INFOPLIST_FILE = SwiftUIButton/Info.plist;
				LD_RUNPATH_SEARCH_PATHS = (
					"$(inherited)",
					"@executable_path/Frameworks",
				);
				PRODUCT_BUNDLE_IDENTIFIER = com.ict.manna.SwiftUIButton;
				PRODUCT_NAME = "$(TARGET_NAME)";
				SWIFT_VERSION = 5.0;
				TARGETED_DEVICE_FAMILY = "1,2";
			};
			name = Debug;
		};
		2A3430D72353A538007F53FE /* Release */ = {
			isa = XCBuildConfiguration;
			buildSettings = {
				ASSETCATALOG_COMPILER_APPICON_NAME = AppIcon;
				CODE_SIGN_STYLE = Automatic;
				DEVELOPMENT_ASSET_PATHS = "\"SwiftUIButton/Preview Content\"";
				ENABLE_PREVIEWS = YES;
				INFOPLIST_FILE = SwiftUIButton/Info.plist;
				LD_RUNPATH_SEARCH_PATHS = (
					"$(inherited)",
					"@executable_path/Frameworks",
				);
				PRODUCT_BUNDLE_IDENTIFIER = com.ict.manna.SwiftUIButton;
				PRODUCT_NAME = "$(TARGET_NAME)";
				SWIFT_VERSION = 5.0;
				TARGETED_DEVICE_FAMILY = "1,2";
			};
			name = Release;
		};
		2A3430D92353A538007F53FE /* Debug */ = {
			isa = XCBuildConfiguration;
			buildSettings = {
				ALWAYS_EMBED_SWIFT_STANDARD_LIBRARIES = YES;
				BUNDLE_LOADER = "$(TEST_HOST)";
				CODE_SIGN_STYLE = Automatic;
				INFOPLIST_FILE = SwiftUIButtonTests/Info.plist;
				IPHONEOS_DEPLOYMENT_TARGET = 13.1;
				LD_RUNPATH_SEARCH_PATHS = (
					"$(inherited)",
					"@executable_path/Frameworks",
					"@loader_path/Frameworks",
				);
				PRODUCT_BUNDLE_IDENTIFIER = com.ict.manna.SwiftUIButtonTests;
				PRODUCT_NAME = "$(TARGET_NAME)";
				SWIFT_VERSION = 5.0;
				TARGETED_DEVICE_FAMILY = "1,2";
				TEST_HOST = "$(BUILT_PRODUCTS_DIR)/SwiftUIButton.app/SwiftUIButton";
			};
			name = Debug;
		};
		2A3430DA2353A538007F53FE /* Release */ = {
			isa = XCBuildConfiguration;
			buildSettings = {
				ALWAYS_EMBED_SWIFT_STANDARD_LIBRARIES = YES;
				BUNDLE_LOADER = "$(TEST_HOST)";
				CODE_SIGN_STYLE = Automatic;
				INFOPLIST_FILE = SwiftUIButtonTests/Info.plist;
				IPHONEOS_DEPLOYMENT_TARGET = 13.1;
				LD_RUNPATH_SEARCH_PATHS = (
					"$(inherited)",
					"@executable_path/Frameworks",
					"@loader_path/Frameworks",
				);
				PRODUCT_BUNDLE_IDENTIFIER = com.ict.manna.SwiftUIButtonTests;
				PRODUCT_NAME = "$(TARGET_NAME)";
				SWIFT_VERSION = 5.0;
				TARGETED_DEVICE_FAMILY = "1,2";
				TEST_HOST = "$(BUILT_PRODUCTS_DIR)/SwiftUIButton.app/SwiftUIButton";
			};
			name = Release;
		};
		2A3430DC2353A538007F53FE /* Debug */ = {
			isa = XCBuildConfiguration;
			buildSettings = {
				ALWAYS_EMBED_SWIFT_STANDARD_LIBRARIES = YES;
				CODE_SIGN_STYLE = Automatic;
				INFOPLIST_FILE = SwiftUIButtonUITests/Info.plist;
				LD_RUNPATH_SEARCH_PATHS = (
					"$(inherited)",
					"@executable_path/Frameworks",
					"@loader_path/Frameworks",
				);
				PRODUCT_BUNDLE_IDENTIFIER = com.ict.manna.SwiftUIButtonUITests;
				PRODUCT_NAME = "$(TARGET_NAME)";
				SWIFT_VERSION = 5.0;
				TARGETED_DEVICE_FAMILY = "1,2";
				TEST_TARGET_NAME = SwiftUIButton;
			};
			name = Debug;
		};
		2A3430DD2353A538007F53FE /* Release */ = {
			isa = XCBuildConfiguration;
			buildSettings = {
				ALWAYS_EMBED_SWIFT_STANDARD_LIBRARIES = YES;
				CODE_SIGN_STYLE = Automatic;
				INFOPLIST_FILE = SwiftUIButtonUITests/Info.plist;
				LD_RUNPATH_SEARCH_PATHS = (
					"$(inherited)",
					"@executable_path/Frameworks",
					"@loader_path/Frameworks",
				);
				PRODUCT_BUNDLE_IDENTIFIER = com.ict.manna.SwiftUIButtonUITests;
				PRODUCT_NAME = "$(TARGET_NAME)";
				SWIFT_VERSION = 5.0;
				TARGETED_DEVICE_FAMILY = "1,2";
				TEST_TARGET_NAME = SwiftUIButton;
			};
			name = Release;
		};
/* End XCBuildConfiguration section */

/* Begin XCConfigurationList section */
		2A3430A62353A535007F53FE /* Build configuration list for PBXProject "SwiftUIButton" */ = {
			isa = XCConfigurationList;
			buildConfigurations = (
				2A3430D32353A538007F53FE /* Debug */,
				2A3430D42353A538007F53FE /* Release */,
			);
			defaultConfigurationIsVisible = 0;
			defaultConfigurationName = Release;
		};
		2A3430D52353A538007F53FE /* Build configuration list for PBXNativeTarget "SwiftUIButton" */ = {
			isa = XCConfigurationList;
			buildConfigurations = (
				2A3430D62353A538007F53FE /* Debug */,
				2A3430D72353A538007F53FE /* Release */,
			);
			defaultConfigurationIsVisible = 0;
			defaultConfigurationName = Release;
		};
		2A3430D82353A538007F53FE /* Build configuration list for PBXNativeTarget "SwiftUIButtonTests" */ = {
			isa = XCConfigurationList;
			buildConfigurations = (
				2A3430D92353A538007F53FE /* Debug */,
				2A3430DA2353A538007F53FE /* Release */,
			);
			defaultConfigurationIsVisible = 0;
			defaultConfigurationName = Release;
		};
		2A3430DB2353A538007F53FE /* Build configuration list for PBXNativeTarget "SwiftUIButtonUITests" */ = {
			isa = XCConfigurationList;
			buildConfigurations = (
				2A3430DC2353A538007F53FE /* Debug */,
				2A3430DD2353A538007F53FE /* Release */,
			);
			defaultConfigurationIsVisible = 0;
			defaultConfigurationName = Release;
		};
/* End XCConfigurationList section */
	};
	rootObject = 2A3430A32353A535007F53FE /* Project object */;
}
